
Microsoft Visual Studio Solution File, Format Version 12.00
# Visual Studio Version 16
VisualStudioVersion = 16.0.29306.81
MinimumVisualStudioVersion = 10.0.40219.1
Project("{9A19103F-16F7-4668-BE54-9A1E7A4F7556}") = "Shuttle.Core.Log4Net", "Shuttle.Core.Log4Net\Shuttle.Core.Log4Net.csproj", "{5BC6FB62-38ED-4ECB-8404-15BFEA7D4569}"
EndProject
Project("{2150E333-8FDC-42A3-9474-1A3956D46DE8}") = "Solution Items", "Solution Items", "{C37B75F2-8DFE-4651-916B-72C82B137B65}"
	ProjectSection(SolutionItems) = preProject
		LICENSE = LICENSE
		README.md = README.md
	EndProjectSection
EndProject
Project("{9A19103F-16F7-4668-BE54-9A1E7A4F7556}") = "Shuttle.Core.Log4Net.Client", "Shuttle.Core.Log4Net.Client\Shuttle.Core.Log4Net.Client.csproj", "{8A0EB398-5E1C-4151-A7AF-729C833BEF18}"
EndProject
Project("{FAE04EC0-301F-11D3-BF4B-00C04F79EFBC}") = "Shuttle.Core.Log4Net.Tests", "Shuttle.Core.Log4Net.Tests\Shuttle.Core.Log4Net.Tests.csproj", "{9AED2D9D-9DEC-4614-8696-A7E1C79AE3AF}"
EndProject
Global
	GlobalSection(SolutionConfigurationPlatforms) = preSolution
		Debug|Any CPU = Debug|Any CPU
		Release|Any CPU = Release|Any CPU
	EndGlobalSection
	GlobalSection(ProjectConfigurationPlatforms) = postSolution
		{5BC6FB62-38ED-4ECB-8404-15BFEA7D4569}.Debug|Any CPU.ActiveCfg = Debug|Any CPU
		{5BC6FB62-38ED-4ECB-8404-15BFEA7D4569}.Debug|Any CPU.Build.0 = Debug|Any CPU
		{5BC6FB62-38ED-4ECB-8404-15BFEA7D4569}.Release|Any CPU.ActiveCfg = Release|Any CPU
		{5BC6FB62-38ED-4ECB-8404-15BFEA7D4569}.Release|Any CPU.Build.0 = Release|Any CPU
		{8A0EB398-5E1C-4151-A7AF-729C833BEF18}.Debug|Any CPU.ActiveCfg = Debug|Any CPU
		{8A0EB398-5E1C-4151-A7AF-729C833BEF18}.Debug|Any CPU.Build.0 = Debug|Any CPU
		{8A0EB398-5E1C-4151-A7AF-729C833BEF18}.Release|Any CPU.ActiveCfg = Release|Any CPU
		{8A0EB398-5E1C-4151-A7AF-729C833BEF18}.Release|Any CPU.Build.0 = Release|Any CPU
		{9AED2D9D-9DEC-4614-8696-A7E1C79AE3AF}.Debug|Any CPU.ActiveCfg = Debug|Any CPU
		{9AED2D9D-9DEC-4614-8696-A7E1C79AE3AF}.Debug|Any CPU.Build.0 = Debug|Any CPU
		{9AED2D9D-9DEC-4614-8696-A7E1C79AE3AF}.Release|Any CPU.ActiveCfg = Release|Any CPU
		{9AED2D9D-9DEC-4614-8696-A7E1C79AE3AF}.Release|Any CPU.Build.0 = Release|Any CPU
	EndGlobalSection
	GlobalSection(SolutionProperties) = preSolution
		HideSolutionNode = FALSE
	EndGlobalSection
	GlobalSection(ExtensibilityGlobals) = postSolution
		SolutionGuid = {26ADB97A-B518-4536-8326-7CB26D1A076B}
	EndGlobalSection
EndGlobal
